PODS:
  - Kingfisher (7.2.1)
  - ReachabilitySwift (5.0.0)

DEPENDENCIES:
  - Kingfisher
  - ReachabilitySwift

SPEC REPOS:
  trunk:
    - Kingfisher
    - ReachabilitySwift

SPEC CHECKSUMS:
  Kingfisher: 7c084bebf7d548c623ad41bcf765fb200efed369
  ReachabilitySwift: 985039c6f7b23a1da463388634119492ff86c825

PODFILE CHECKSUM: 77228682af8e92f96a27b811aaf40fe6c3ef0535

COCOAPODS: 1.11.3
